
Microsoft Visual Studio Solution File, Format Version 12.00
# Visual Studio Version 17
VisualStudioVersion = 17.5.33516.290
MinimumVisualStudioVersion = 10.0.40219.1
Project("{FAE04EC0-301F-11D3-BF4B-00C04F79EFBC}") = "TrianglesWinForms", "TrianglesWinForms\TrianglesWinForms.csproj", "{F1E8C0A2-76FE-43BC-B69B-01A696E7FF68}"
EndProject
Global
	GlobalSection(SolutionConfigurationPlatforms) = preSolution
		Debug|Any CPU = Debug|Any CPU
		Release|Any CPU = Release|Any CPU
	EndGlobalSection
	GlobalSection(ProjectConfigurationPlatforms) = postSolution
		{F1E8C0A2-76FE-43BC-B69B-01A696E7FF68}.Debug|Any CPU.ActiveCfg = Debug|Any CPU
		{F1E8C0A2-76FE-43BC-B69B-01A696E7FF68}.Debug|Any CPU.Build.0 = Debug|Any CPU
		{F1E8C0A2-76FE-43BC-B69B-01A696E7FF68}.Release|Any CPU.ActiveCfg = Release|Any CPU
		{F1E8C0A2-76FE-43BC-B69B-01A696E7FF68}.Release|Any CPU.Build.0 = Release|Any CPU
	EndGlobalSection
	GlobalSection(SolutionProperties) = preSolution
		HideSolutionNode = FALSE
	EndGlobalSection
	GlobalSection(ExtensibilityGlobals) = postSolution
		SolutionGuid = {428E8577-2D5D-4227-90D5-EE2AC4406AC2}
	EndGlobalSection
EndGlobal
